
Microsoft Visual Studio Solution File, Format Version 12.00
# Visual Studio 15
VisualStudioVersion = 15.0.27703.1
MinimumVisualStudioVersion = 10.0.40219.1
Project("{9A19103F-16F7-4668-BE54-9A1E7A4F7556}") = "Extenso.Core", "Extenso.Core\Extenso.Core.csproj", "{51162094-170C-4014-ADA5-E5D41ACFD1FF}"
EndProject
Project("{9A19103F-16F7-4668-BE54-9A1E7A4F7556}") = "Extenso.Data", "Extenso.Data\Extenso.Data.csproj", "{592043BC-115B-4009-88DC-D2B208D723A7}"
EndProject
Project("{9A19103F-16F7-4668-BE54-9A1E7A4F7556}") = "Extenso.AspNetCore.OData", "Extenso.AspNetCore.OData\Extenso.AspNetCore.OData.csproj", "{028C42BC-D779-49A6-B330-BD923E6FADA6}"
EndProject
Project("{9A19103F-16F7-4668-BE54-9A1E7A4F7556}") = "Extenso.Data.Entity", "Extenso.Data.Entity\Extenso.Data.Entity.csproj", "{CC89B051-50AE-4EE8-83A8-291DE3DA994F}"
EndProject
Project("{9A19103F-16F7-4668-BE54-9A1E7A4F7556}") = "Extenso.Data.QueryBuilder", "Extenso.Data.QueryBuilder\Extenso.Data.QueryBuilder.csproj", "{5CB280BE-C53B-4619-88FB-280F5487A5B4}"
EndProject
Project("{9A19103F-16F7-4668-BE54-9A1E7A4F7556}") = "Extenso.AspNetCore.Mvc", "Extenso.AspNetCore.Mvc\Extenso.AspNetCore.Mvc.csproj", "{AAB4105D-E2D1-4456-B129-DA6D6700E97D}"
EndProject
Project("{9A19103F-16F7-4668-BE54-9A1E7A4F7556}") = "Extenso.AspNetCore.Mvc.ExtensoUI", "Extenso.AspNetCore.Mvc.ExtensoUI\Extenso.AspNetCore.Mvc.ExtensoUI.csproj", "{18A3B0A7-123C-44D8-B1A8-A8AA1FFE4FA2}"
EndProject
Project("{9A19103F-16F7-4668-BE54-9A1E7A4F7556}") = "Extenso.AspNetCore.Mvc.ExtensoUI.KendoUI", "Extenso.AspNetCore.Mvc.ExtensoUI.KendoUI\Extenso.AspNetCore.Mvc.ExtensoUI.KendoUI.csproj", "{D21B77CA-C04A-441C-BB55-DCE4D8AA4000}"
EndProject
Project("{9A19103F-16F7-4668-BE54-9A1E7A4F7556}") = "Extenso.Data.MySql", "Extenso.Data.MySql\Extenso.Data.MySql.csproj", "{C81D00C5-C88F-4ECD-A360-892745B876CB}"
EndProject
Project("{9A19103F-16F7-4668-BE54-9A1E7A4F7556}") = "Extenso.Data.Npgsql", "Extenso.Data.Npgsql\Extenso.Data.Npgsql.csproj", "{556B123C-06A1-4B9D-8A4C-F15F21A20505}"
EndProject
Project("{9A19103F-16F7-4668-BE54-9A1E7A4F7556}") = "Extenso.Data.QueryBuilder.MySql", "Extenso.Data.QueryBuilder.MySql\Extenso.Data.QueryBuilder.MySql.csproj", "{698919F4-1891-4388-BD11-0ABE96067AE1}"
EndProject
Project("{9A19103F-16F7-4668-BE54-9A1E7A4F7556}") = "Extenso.Data.QueryBuilder.Npgsql", "Extenso.Data.QueryBuilder.Npgsql\Extenso.Data.QueryBuilder.Npgsql.csproj", "{A967F072-917E-4BBB-938D-F31C3156962B}"
EndProject
Project("{2150E333-8FDC-42A3-9474-1A3956D46DE8}") = "Demos", "Demos", "{4ABD18F5-B7DA-4590-9CB1-1200B6EBEB58}"
EndProject
Project("{9A19103F-16F7-4668-BE54-9A1E7A4F7556}") = "Demo.AspNetCore.Mvc.ExtensoUI.Bootstrap3", "Demos\Demo.AspNetCore.Mvc.ExtensoUI.Bootstrap3\Demo.AspNetCore.Mvc.ExtensoUI.Bootstrap3.csproj", "{00DC904C-1EF8-466D-8254-6FCA2D0D2D47}"
EndProject
Project("{9A19103F-16F7-4668-BE54-9A1E7A4F7556}") = "Demo.AspNetCore.Mvc.ExtensoUI.Bootstrap4", "Demos\Demo.AspNetCore.Mvc.ExtensoUI.Bootstrap4\Demo.AspNetCore.Mvc.ExtensoUI.Bootstrap4.csproj", "{E5BEA9F6-6F47-43F8-B980-24F849191348}"
EndProject
Project("{9A19103F-16F7-4668-BE54-9A1E7A4F7556}") = "Demo.Extenso.AspNetCore.Mvc.OData", "Demos\Demo.AspNetCore.Mvc.OData\Demo.Extenso.AspNetCore.Mvc.OData.csproj", "{75BBEB76-7BF8-4F5D-BC61-16D824C7B816}"
EndProject
Project("{2150E333-8FDC-42A3-9474-1A3956D46DE8}") = "ExtensoUI", "ExtensoUI", "{F63724D8-A57F-4B23-A73C-41A1EC144331}"
EndProject
Project("{2150E333-8FDC-42A3-9474-1A3956D46DE8}") = "AspNetCore", "AspNetCore", "{409B2AA0-96DC-4F56-8187-455594DB6591}"
EndProject
Project("{2150E333-8FDC-42A3-9474-1A3956D46DE8}") = "Mvc", "Mvc", "{376F048F-9868-4FAF-A7C5-1F468DBBE3A0}"
EndProject
Project("{9A19103F-16F7-4668-BE54-9A1E7A4F7556}") = "Demo.AspNetCore.Mvc.ExtensoUI.KendoBootstrap3", "Demos\Demo.AspNetCore.Mvc.ExtensoUI.KendoBootstrap3\Demo.AspNetCore.Mvc.ExtensoUI.KendoBootstrap3.csproj", "{12CCD743-1723-4B60-8367-38E171DD5AC9}"
EndProject
Project("{9A19103F-16F7-4668-BE54-9A1E7A4F7556}") = "Extenso.AspNetCore.Mvc.ExtensoUI.Foundation", "Extenso.AspNetCore.Mvc.ExtensoUI.Foundation\Extenso.AspNetCore.Mvc.ExtensoUI.Foundation.csproj", "{DD8F7A5A-D60B-40F7-9F56-A7C022D66313}"
EndProject
Project("{9A19103F-16F7-4668-BE54-9A1E7A4F7556}") = "Extenso.AspNetCore.Mvc.ExtensoUI.JQueryUI", "Extenso.AspNetCore.Mvc.ExtensoUI.JQueryUI\Extenso.AspNetCore.Mvc.ExtensoUI.JQueryUI.csproj", "{0E894B50-02C6-4DF0-939F-0D2B790B7069}"
EndProject
Project("{9A19103F-16F7-4668-BE54-9A1E7A4F7556}") = "Demo.AspNetCore.Mvc.ExtensoUI.Foundation6", "Demos\Demo.AspNetCore.Mvc.ExtensoUI.Foundation6\Demo.AspNetCore.Mvc.ExtensoUI.Foundation6.csproj", "{B04BBC6F-02F1-48D4-AEA5-6327A0E7FA3F}"
EndProject
Project("{9A19103F-16F7-4668-BE54-9A1E7A4F7556}") = "Demo.AspNetCore.Mvc.ExtensoUI.JQueryUI", "Demos\Demo.AspNetCore.Mvc.ExtensoUI.JQueryUI\Demo.AspNetCore.Mvc.ExtensoUI.JQueryUI.csproj", "{5DA69C85-A2F8-4740-BC0A-C12CBF42A76D}"
EndProject
Project("{2150E333-8FDC-42A3-9474-1A3956D46DE8}") = "Other", "Other", "{86C509D1-589D-44A0-8971-ED92B3FCA11B}"
EndProject
Project("{9A19103F-16F7-4668-BE54-9A1E7A4F7556}") = "DoxieDummy", "DoxieDummy\DoxieDummy.csproj", "{EF1DBE01-00FB-4872-A167-88235E1EE740}"
EndProject
Project("{9A19103F-16F7-4668-BE54-9A1E7A4F7556}") = "Extenso.Drawing", "Extenso.Drawing\Extenso.Drawing.csproj", "{4E499A5C-A8CB-4334-83AC-1FD71EB1E1A1}"
EndProject
Project("{2150E333-8FDC-42A3-9474-1A3956D46DE8}") = "Data", "Data", "{5CF10B41-54F9-44DF-9FA0-8A53205C791D}"
EndProject
Project("{2150E333-8FDC-42A3-9474-1A3956D46DE8}") = "QueryBuilder", "QueryBuilder", "{50793D41-3796-444D-A9A5-F0A1C83ED59B}"
EndProject
Project("{9A19103F-16F7-4668-BE54-9A1E7A4F7556}") = "Demo.Data.QueryBuilder", "Demo.Data.QueryBuilder\Demo.Data.QueryBuilder.csproj", "{EF54D2C6-1E83-4167-B9AF-323DDDDFD9D2}"
EndProject
Project("{9A19103F-16F7-4668-BE54-9A1E7A4F7556}") = "Extenso.Sandbox", "Extenso.Sandbox\Extenso.Sandbox.csproj", "{D923E155-2C52-4690-800B-C7E53305AD9C}"
EndProject
Project("{FAE04EC0-301F-11D3-BF4B-00C04F79EFBC}") = "Demo.Extenso.AspNetCore.Mvc", "Demo.Extenso.AspNetCore.Mvc\Demo.Extenso.AspNetCore.Mvc.csproj", "{A408BF84-8BB9-4E60-9118-99930508B7DF}"
EndProject
Global
	GlobalSection(SolutionConfigurationPlatforms) = preSolution
		Debug|Any CPU = Debug|Any CPU
		Release|Any CPU = Release|Any CPU
	EndGlobalSection
	GlobalSection(ProjectConfigurationPlatforms) = postSolution
		{51162094-170C-4014-ADA5-E5D41ACFD1FF}.Debug|Any CPU.ActiveCfg = Debug|Any CPU
		{51162094-170C-4014-ADA5-E5D41ACFD1FF}.Debug|Any CPU.Build.0 = Debug|Any CPU
		{51162094-170C-4014-ADA5-E5D41ACFD1FF}.Release|Any CPU.ActiveCfg = Release|Any CPU
		{51162094-170C-4014-ADA5-E5D41ACFD1FF}.Release|Any CPU.Build.0 = Release|Any CPU
		{592043BC-115B-4009-88DC-D2B208D723A7}.Debug|Any CPU.ActiveCfg = Debug|Any CPU
		{592043BC-115B-4009-88DC-D2B208D723A7}.Debug|Any CPU.Build.0 = Debug|Any CPU
		{592043BC-115B-4009-88DC-D2B208D723A7}.Release|Any CPU.ActiveCfg = Release|Any CPU
		{592043BC-115B-4009-88DC-D2B208D723A7}.Release|Any CPU.Build.0 = Release|Any CPU
		{028C42BC-D779-49A6-B330-BD923E6FADA6}.Debug|Any CPU.ActiveCfg = Debug|Any CPU
		{028C42BC-D779-49A6-B330-BD923E6FADA6}.Debug|Any CPU.Build.0 = Debug|Any CPU
		{028C42BC-D779-49A6-B330-BD923E6FADA6}.Release|Any CPU.ActiveCfg = Release|Any CPU
		{028C42BC-D779-49A6-B330-BD923E6FADA6}.Release|Any CPU.Build.0 = Release|Any CPU
		{CC89B051-50AE-4EE8-83A8-291DE3DA994F}.Debug|Any CPU.ActiveCfg = Debug|Any CPU
		{CC89B051-50AE-4EE8-83A8-291DE3DA994F}.Debug|Any CPU.Build.0 = Debug|Any CPU
		{CC89B051-50AE-4EE8-83A8-291DE3DA994F}.Release|Any CPU.ActiveCfg = Release|Any CPU
		{CC89B051-50AE-4EE8-83A8-291DE3DA994F}.Release|Any CPU.Build.0 = Release|Any CPU
		{5CB280BE-C53B-4619-88FB-280F5487A5B4}.Debug|Any CPU.ActiveCfg = Debug|Any CPU
		{5CB280BE-C53B-4619-88FB-280F5487A5B4}.Debug|Any CPU.Build.0 = Debug|Any CPU
		{5CB280BE-C53B-4619-88FB-280F5487A5B4}.Release|Any CPU.ActiveCfg = Release|Any CPU
		{5CB280BE-C53B-4619-88FB-280F5487A5B4}.Release|Any CPU.Build.0 = Release|Any CPU
		{AAB4105D-E2D1-4456-B129-DA6D6700E97D}.Debug|Any CPU.ActiveCfg = Debug|Any CPU
		{AAB4105D-E2D1-4456-B129-DA6D6700E97D}.Debug|Any CPU.Build.0 = Debug|Any CPU
		{AAB4105D-E2D1-4456-B129-DA6D6700E97D}.Release|Any CPU.ActiveCfg = Release|Any CPU
		{AAB4105D-E2D1-4456-B129-DA6D6700E97D}.Release|Any CPU.Build.0 = Release|Any CPU
		{18A3B0A7-123C-44D8-B1A8-A8AA1FFE4FA2}.Debug|Any CPU.ActiveCfg = Debug|Any CPU
		{18A3B0A7-123C-44D8-B1A8-A8AA1FFE4FA2}.Debug|Any CPU.Build.0 = Debug|Any CPU
		{18A3B0A7-123C-44D8-B1A8-A8AA1FFE4FA2}.Release|Any CPU.ActiveCfg = Release|Any CPU
		{18A3B0A7-123C-44D8-B1A8-A8AA1FFE4FA2}.Release|Any CPU.Build.0 = Release|Any CPU
		{D21B77CA-C04A-441C-BB55-DCE4D8AA4000}.Debug|Any CPU.ActiveCfg = Debug|Any CPU
		{D21B77CA-C04A-441C-BB55-DCE4D8AA4000}.Debug|Any CPU.Build.0 = Debug|Any CPU
		{D21B77CA-C04A-441C-BB55-DCE4D8AA4000}.Release|Any CPU.ActiveCfg = Release|Any CPU
		{D21B77CA-C04A-441C-BB55-DCE4D8AA4000}.Release|Any CPU.Build.0 = Release|Any CPU
		{C81D00C5-C88F-4ECD-A360-892745B876CB}.Debug|Any CPU.ActiveCfg = Debug|Any CPU
		{C81D00C5-C88F-4ECD-A360-892745B876CB}.Debug|Any CPU.Build.0 = Debug|Any CPU
		{C81D00C5-C88F-4ECD-A360-892745B876CB}.Release|Any CPU.ActiveCfg = Release|Any CPU
		{C81D00C5-C88F-4ECD-A360-892745B876CB}.Release|Any CPU.Build.0 = Release|Any CPU
		{556B123C-06A1-4B9D-8A4C-F15F21A20505}.Debug|Any CPU.ActiveCfg = Debug|Any CPU
		{556B123C-06A1-4B9D-8A4C-F15F21A20505}.Debug|Any CPU.Build.0 = Debug|Any CPU
		{556B123C-06A1-4B9D-8A4C-F15F21A20505}.Release|Any CPU.ActiveCfg = Release|Any CPU
		{556B123C-06A1-4B9D-8A4C-F15F21A20505}.Release|Any CPU.Build.0 = Release|Any CPU
		{698919F4-1891-4388-BD11-0ABE96067AE1}.Debug|Any CPU.ActiveCfg = Debug|Any CPU
		{698919F4-1891-4388-BD11-0ABE96067AE1}.Debug|Any CPU.Build.0 = Debug|Any CPU
		{698919F4-1891-4388-BD11-0ABE96067AE1}.Release|Any CPU.ActiveCfg = Release|Any CPU
		{698919F4-1891-4388-BD11-0ABE96067AE1}.Release|Any CPU.Build.0 = Release|Any CPU
		{A967F072-917E-4BBB-938D-F31C3156962B}.Debug|Any CPU.ActiveCfg = Debug|Any CPU
		{A967F072-917E-4BBB-938D-F31C3156962B}.Debug|Any CPU.Build.0 = Debug|Any CPU
		{A967F072-917E-4BBB-938D-F31C3156962B}.Release|Any CPU.ActiveCfg = Release|Any CPU
		{A967F072-917E-4BBB-938D-F31C3156962B}.Release|Any CPU.Build.0 = Release|Any CPU
		{00DC904C-1EF8-466D-8254-6FCA2D0D2D47}.Debug|Any CPU.ActiveCfg = Debug|Any CPU
		{00DC904C-1EF8-466D-8254-6FCA2D0D2D47}.Debug|Any CPU.Build.0 = Debug|Any CPU
		{00DC904C-1EF8-466D-8254-6FCA2D0D2D47}.Release|Any CPU.ActiveCfg = Release|Any CPU
		{00DC904C-1EF8-466D-8254-6FCA2D0D2D47}.Release|Any CPU.Build.0 = Release|Any CPU
		{E5BEA9F6-6F47-43F8-B980-24F849191348}.Debug|Any CPU.ActiveCfg = Debug|Any CPU
		{E5BEA9F6-6F47-43F8-B980-24F849191348}.Debug|Any CPU.Build.0 = Debug|Any CPU
		{E5BEA9F6-6F47-43F8-B980-24F849191348}.Release|Any CPU.ActiveCfg = Release|Any CPU
		{E5BEA9F6-6F47-43F8-B980-24F849191348}.Release|Any CPU.Build.0 = Release|Any CPU
		{75BBEB76-7BF8-4F5D-BC61-16D824C7B816}.Debug|Any CPU.ActiveCfg = Debug|Any CPU
		{75BBEB76-7BF8-4F5D-BC61-16D824C7B816}.Debug|Any CPU.Build.0 = Debug|Any CPU
		{75BBEB76-7BF8-4F5D-BC61-16D824C7B816}.Release|Any CPU.ActiveCfg = Release|Any CPU
		{75BBEB76-7BF8-4F5D-BC61-16D824C7B816}.Release|Any CPU.Build.0 = Release|Any CPU
		{12CCD743-1723-4B60-8367-38E171DD5AC9}.Debug|Any CPU.ActiveCfg = Debug|Any CPU
		{12CCD743-1723-4B60-8367-38E171DD5AC9}.Debug|Any CPU.Build.0 = Debug|Any CPU
		{12CCD743-1723-4B60-8367-38E171DD5AC9}.Release|Any CPU.ActiveCfg = Release|Any CPU
		{12CCD743-1723-4B60-8367-38E171DD5AC9}.Release|Any CPU.Build.0 = Release|Any CPU
		{DD8F7A5A-D60B-40F7-9F56-A7C022D66313}.Debug|Any CPU.ActiveCfg = Debug|Any CPU
		{DD8F7A5A-D60B-40F7-9F56-A7C022D66313}.Debug|Any CPU.Build.0 = Debug|Any CPU
		{DD8F7A5A-D60B-40F7-9F56-A7C022D66313}.Release|Any CPU.ActiveCfg = Release|Any CPU
		{DD8F7A5A-D60B-40F7-9F56-A7C022D66313}.Release|Any CPU.Build.0 = Release|Any CPU
		{0E894B50-02C6-4DF0-939F-0D2B790B7069}.Debug|Any CPU.ActiveCfg = Debug|Any CPU
		{0E894B50-02C6-4DF0-939F-0D2B790B7069}.Debug|Any CPU.Build.0 = Debug|Any CPU
		{0E894B50-02C6-4DF0-939F-0D2B790B7069}.Release|Any CPU.ActiveCfg = Release|Any CPU
		{0E894B50-02C6-4DF0-939F-0D2B790B7069}.Release|Any CPU.Build.0 = Release|Any CPU
		{B04BBC6F-02F1-48D4-AEA5-6327A0E7FA3F}.Debug|Any CPU.ActiveCfg = Debug|Any CPU
		{B04BBC6F-02F1-48D4-AEA5-6327A0E7FA3F}.Debug|Any CPU.Build.0 = Debug|Any CPU
		{B04BBC6F-02F1-48D4-AEA5-6327A0E7FA3F}.Release|Any CPU.ActiveCfg = Release|Any CPU
		{B04BBC6F-02F1-48D4-AEA5-6327A0E7FA3F}.Release|Any CPU.Build.0 = Release|Any CPU
		{5DA69C85-A2F8-4740-BC0A-C12CBF42A76D}.Debug|Any CPU.ActiveCfg = Debug|Any CPU
		{5DA69C85-A2F8-4740-BC0A-C12CBF42A76D}.Debug|Any CPU.Build.0 = Debug|Any CPU
		{5DA69C85-A2F8-4740-BC0A-C12CBF42A76D}.Release|Any CPU.ActiveCfg = Release|Any CPU
		{5DA69C85-A2F8-4740-BC0A-C12CBF42A76D}.Release|Any CPU.Build.0 = Release|Any CPU
		{EF1DBE01-00FB-4872-A167-88235E1EE740}.Debug|Any CPU.ActiveCfg = Debug|Any CPU
		{EF1DBE01-00FB-4872-A167-88235E1EE740}.Debug|Any CPU.Build.0 = Debug|Any CPU
		{EF1DBE01-00FB-4872-A167-88235E1EE740}.Release|Any CPU.ActiveCfg = Release|Any CPU
		{EF1DBE01-00FB-4872-A167-88235E1EE740}.Release|Any CPU.Build.0 = Release|Any CPU
		{4E499A5C-A8CB-4334-83AC-1FD71EB1E1A1}.Debug|Any CPU.ActiveCfg = Debug|Any CPU
		{4E499A5C-A8CB-4334-83AC-1FD71EB1E1A1}.Debug|Any CPU.Build.0 = Debug|Any CPU
		{4E499A5C-A8CB-4334-83AC-1FD71EB1E1A1}.Release|Any CPU.ActiveCfg = Release|Any CPU
		{4E499A5C-A8CB-4334-83AC-1FD71EB1E1A1}.Release|Any CPU.Build.0 = Release|Any CPU
		{EF54D2C6-1E83-4167-B9AF-323DDDDFD9D2}.Debug|Any CPU.ActiveCfg = Debug|Any CPU
		{EF54D2C6-1E83-4167-B9AF-323DDDDFD9D2}.Debug|Any CPU.Build.0 = Debug|Any CPU
		{EF54D2C6-1E83-4167-B9AF-323DDDDFD9D2}.Release|Any CPU.ActiveCfg = Release|Any CPU
		{EF54D2C6-1E83-4167-B9AF-323DDDDFD9D2}.Release|Any CPU.Build.0 = Release|Any CPU
		{D923E155-2C52-4690-800B-C7E53305AD9C}.Debug|Any CPU.ActiveCfg = Debug|Any CPU
		{D923E155-2C52-4690-800B-C7E53305AD9C}.Debug|Any CPU.Build.0 = Debug|Any CPU
		{D923E155-2C52-4690-800B-C7E53305AD9C}.Release|Any CPU.ActiveCfg = Release|Any CPU
		{D923E155-2C52-4690-800B-C7E53305AD9C}.Release|Any CPU.Build.0 = Release|Any CPU
		{A408BF84-8BB9-4E60-9118-99930508B7DF}.Debug|Any CPU.ActiveCfg = Debug|Any CPU
		{A408BF84-8BB9-4E60-9118-99930508B7DF}.Debug|Any CPU.Build.0 = Debug|Any CPU
		{A408BF84-8BB9-4E60-9118-99930508B7DF}.Release|Any CPU.ActiveCfg = Release|Any CPU
		{A408BF84-8BB9-4E60-9118-99930508B7DF}.Release|Any CPU.Build.0 = Release|Any CPU
	EndGlobalSection
	GlobalSection(SolutionProperties) = preSolution
		HideSolutionNode = FALSE
	EndGlobalSection
	GlobalSection(NestedProjects) = preSolution
		{00DC904C-1EF8-466D-8254-6FCA2D0D2D47} = {F63724D8-A57F-4B23-A73C-41A1EC144331}
		{E5BEA9F6-6F47-43F8-B980-24F849191348} = {F63724D8-A57F-4B23-A73C-41A1EC144331}
		{75BBEB76-7BF8-4F5D-BC61-16D824C7B816} = {376F048F-9868-4FAF-A7C5-1F468DBBE3A0}
		{F63724D8-A57F-4B23-A73C-41A1EC144331} = {376F048F-9868-4FAF-A7C5-1F468DBBE3A0}
		{409B2AA0-96DC-4F56-8187-455594DB6591} = {4ABD18F5-B7DA-4590-9CB1-1200B6EBEB58}
		{376F048F-9868-4FAF-A7C5-1F468DBBE3A0} = {409B2AA0-96DC-4F56-8187-455594DB6591}
		{12CCD743-1723-4B60-8367-38E171DD5AC9} = {F63724D8-A57F-4B23-A73C-41A1EC144331}
		{B04BBC6F-02F1-48D4-AEA5-6327A0E7FA3F} = {F63724D8-A57F-4B23-A73C-41A1EC144331}
		{5DA69C85-A2F8-4740-BC0A-C12CBF42A76D} = {F63724D8-A57F-4B23-A73C-41A1EC144331}
		{EF1DBE01-00FB-4872-A167-88235E1EE740} = {86C509D1-589D-44A0-8971-ED92B3FCA11B}
		{5CF10B41-54F9-44DF-9FA0-8A53205C791D} = {4ABD18F5-B7DA-4590-9CB1-1200B6EBEB58}
		{50793D41-3796-444D-A9A5-F0A1C83ED59B} = {5CF10B41-54F9-44DF-9FA0-8A53205C791D}
		{EF54D2C6-1E83-4167-B9AF-323DDDDFD9D2} = {50793D41-3796-444D-A9A5-F0A1C83ED59B}
		{D923E155-2C52-4690-800B-C7E53305AD9C} = {4ABD18F5-B7DA-4590-9CB1-1200B6EBEB58}
		{A408BF84-8BB9-4E60-9118-99930508B7DF} = {376F048F-9868-4FAF-A7C5-1F468DBBE3A0}
	EndGlobalSection
	GlobalSection(ExtensibilityGlobals) = postSolution
		SolutionGuid = {8BEF57B5-2234-4CCE-876C-951A94822B8C}
	EndGlobalSection
EndGlobal
