Microsoft Visual Studio Solution File, Format Version 12.00
# Visual Studio Version 17
VisualStudioVersion = 17.0.31903.59
MinimumVisualStudioVersion = 10.0.40219.1
Project("{9A19103F-16F7-4668-BE54-9A1E7A4F7556}") = "Extenso.Core", "Extenso.Core\Extenso.Core.csproj", "{51162094-170C-4014-ADA5-E5D41ACFD1FF}"
EndProject
Project("{9A19103F-16F7-4668-BE54-9A1E7A4F7556}") = "Extenso.Data", "Extenso.Data\Extenso.Data.csproj", "{592043BC-115B-4009-88DC-D2B208D723A7}"
EndProject
Project("{9A19103F-16F7-4668-BE54-9A1E7A4F7556}") = "Extenso.AspNetCore.OData", "Extenso.AspNetCore.OData\Extenso.AspNetCore.OData.csproj", "{028C42BC-D779-49A6-B330-BD923E6FADA6}"
EndProject
Project("{9A19103F-16F7-4668-BE54-9A1E7A4F7556}") = "Extenso.Data.Entity", "Extenso.Data.Entity\Extenso.Data.Entity.csproj", "{CC89B051-50AE-4EE8-83A8-291DE3DA994F}"
EndProject
Project("{9A19103F-16F7-4668-BE54-9A1E7A4F7556}") = "Extenso.Data.QueryBuilder", "Extenso.Data.QueryBuilder\Extenso.Data.QueryBuilder.csproj", "{5CB280BE-C53B-4619-88FB-280F5487A5B4}"
EndProject
Project("{9A19103F-16F7-4668-BE54-9A1E7A4F7556}") = "Extenso.AspNetCore.Mvc", "Extenso.AspNetCore.Mvc\Extenso.AspNetCore.Mvc.csproj", "{AAB4105D-E2D1-4456-B129-DA6D6700E97D}"
EndProject
Project("{9A19103F-16F7-4668-BE54-9A1E7A4F7556}") = "Extenso.AspNetCore.Mvc.ExtensoUI", "Extenso.AspNetCore.Mvc.ExtensoUI\Extenso.AspNetCore.Mvc.ExtensoUI.csproj", "{18A3B0A7-123C-44D8-B1A8-A8AA1FFE4FA2}"
EndProject
Project("{9A19103F-16F7-4668-BE54-9A1E7A4F7556}") = "Extenso.AspNetCore.Mvc.ExtensoUI.KendoUI", "Extenso.AspNetCore.Mvc.ExtensoUI.KendoUI\Extenso.AspNetCore.Mvc.ExtensoUI.KendoUI.csproj", "{D21B77CA-C04A-441C-BB55-DCE4D8AA4000}"
EndProject
Project("{9A19103F-16F7-4668-BE54-9A1E7A4F7556}") = "Extenso.Data.MySql", "Extenso.Data.MySql\Extenso.Data.MySql.csproj", "{C81D00C5-C88F-4ECD-A360-892745B876CB}"
EndProject
Project("{9A19103F-16F7-4668-BE54-9A1E7A4F7556}") = "Extenso.Data.Npgsql", "Extenso.Data.Npgsql\Extenso.Data.Npgsql.csproj", "{556B123C-06A1-4B9D-8A4C-F15F21A20505}"
EndProject
Project("{9A19103F-16F7-4668-BE54-9A1E7A4F7556}") = "Extenso.Data.QueryBuilder.MySql", "Extenso.Data.QueryBuilder.MySql\Extenso.Data.QueryBuilder.MySql.csproj", "{698919F4-1891-4388-BD11-0ABE96067AE1}"
EndProject
Project("{9A19103F-16F7-4668-BE54-9A1E7A4F7556}") = "Extenso.Data.QueryBuilder.Npgsql", "Extenso.Data.QueryBuilder.Npgsql\Extenso.Data.QueryBuilder.Npgsql.csproj", "{A967F072-917E-4BBB-938D-F31C3156962B}"
EndProject
Project("{2150E333-8FDC-42A3-9474-1A3956D46DE8}") = "Demos", "Demos", "{4ABD18F5-B7DA-4590-9CB1-1200B6EBEB58}"
EndProject
Project("{9A19103F-16F7-4668-BE54-9A1E7A4F7556}") = "Demo.Extenso.AspNetCore.Mvc.OData", "Demos\Demo.AspNetCore.Mvc.OData\Demo.Extenso.AspNetCore.Mvc.OData.csproj", "{75BBEB76-7BF8-4F5D-BC61-16D824C7B816}"
EndProject
Project("{2150E333-8FDC-42A3-9474-1A3956D46DE8}") = "AspNetCore", "AspNetCore", "{409B2AA0-96DC-4F56-8187-455594DB6591}"
EndProject
Project("{2150E333-8FDC-42A3-9474-1A3956D46DE8}") = "Mvc", "Mvc", "{376F048F-9868-4FAF-A7C5-1F468DBBE3A0}"
EndProject
Project("{9A19103F-16F7-4668-BE54-9A1E7A4F7556}") = "Extenso.AspNetCore.Mvc.ExtensoUI.Foundation", "Extenso.AspNetCore.Mvc.ExtensoUI.Foundation\Extenso.AspNetCore.Mvc.ExtensoUI.Foundation.csproj", "{DD8F7A5A-D60B-40F7-9F56-A7C022D66313}"
EndProject
Project("{9A19103F-16F7-4668-BE54-9A1E7A4F7556}") = "Extenso.AspNetCore.Mvc.ExtensoUI.JQueryUI", "Extenso.AspNetCore.Mvc.ExtensoUI.JQueryUI\Extenso.AspNetCore.Mvc.ExtensoUI.JQueryUI.csproj", "{0E894B50-02C6-4DF0-939F-0D2B790B7069}"
EndProject
Project("{2150E333-8FDC-42A3-9474-1A3956D46DE8}") = "Other", "Other", "{86C509D1-589D-44A0-8971-ED92B3FCA11B}"
EndProject
Project("{9A19103F-16F7-4668-BE54-9A1E7A4F7556}") = "DoxieDummy", "DoxieDummy\DoxieDummy.csproj", "{EF1DBE01-00FB-4872-A167-88235E1EE740}"
EndProject
Project("{9A19103F-16F7-4668-BE54-9A1E7A4F7556}") = "Extenso.Drawing", "Extenso.Drawing\Extenso.Drawing.csproj", "{4E499A5C-A8CB-4334-83AC-1FD71EB1E1A1}"
EndProject
Project("{2150E333-8FDC-42A3-9474-1A3956D46DE8}") = "Data", "Data", "{5CF10B41-54F9-44DF-9FA0-8A53205C791D}"
EndProject
Project("{9A19103F-16F7-4668-BE54-9A1E7A4F7556}") = "Extenso.Sandbox", "Extenso.Sandbox\Extenso.Sandbox.csproj", "{D923E155-2C52-4690-800B-C7E53305AD9C}"
EndProject
Project("{9A19103F-16F7-4668-BE54-9A1E7A4F7556}") = "Demo.Extenso.AspNetCore.Mvc", "Demos\Demo.Extenso.AspNetCore.Mvc\Demo.Extenso.AspNetCore.Mvc.csproj", "{A408BF84-8BB9-4E60-9118-99930508B7DF}"
EndProject
Project("{9A19103F-16F7-4668-BE54-9A1E7A4F7556}") = "Demo.Extenso.AspNetCore.Blazor.OData", "Demos\Demo.Extenso.AspNetCore.Blazor.OData\Demo.Extenso.AspNetCore.Blazor.OData.csproj", "{44A64035-109B-48CC-A11D-25C75BF64C16}"
EndProject
Project("{2150E333-8FDC-42A3-9474-1A3956D46DE8}") = "Blazor", "Blazor", "{D4F84964-B7B4-4B1F-9E9B-35DEA0B7F2A8}"
EndProject
Project("{9A19103F-16F7-4668-BE54-9A1E7A4F7556}") = "Demo.Data.InfoSchema", "Demos\Demo.Data.InfoSchema\Demo.Data.InfoSchema.csproj", "{5EC0AA10-3440-4D4C-AA9A-F6026FF9D194}"
EndProject
Project("{2150E333-8FDC-42A3-9474-1A3956D46DE8}") = "Tests", "Tests", "{FB3D4311-3B8D-493A-86A1-E5C3F55C1125}"
EndProject
Project("{9A19103F-16F7-4668-BE54-9A1E7A4F7556}") = "Extenso.Core.Tests", "Tests\Extenso.Core.Tests\Extenso.Core.Tests.csproj", "{DE671127-522A-4151-942E-4B14E437F6B1}"
EndProject
Project("{9A19103F-16F7-4668-BE54-9A1E7A4F7556}") = "Extenso.Data.Tests", "Tests\Extenso.Data.Tests\Extenso.Data.Tests.csproj", "{7FD30D69-58E0-418C-8636-E42D96B2728D}"
EndProject
Project("{9A19103F-16F7-4668-BE54-9A1E7A4F7556}") = "Extenso.TestLib", "Tests\Extenso.TestLib\Extenso.TestLib.csproj", "{F85154F4-B99F-433A-9376-BF1BC3EECC54}"
EndProject
Project("{9A19103F-16F7-4668-BE54-9A1E7A4F7556}") = "Extenso.Data.Entity.Tests", "Tests\Extenso.Data.Entity.Tests\Extenso.Data.Entity.Tests.csproj", "{982A0426-82AE-434A-8E86-A83D3DD3E1C6}"
EndProject
Project("{9A19103F-16F7-4668-BE54-9A1E7A4F7556}") = "Extenso.Data.QueryBuilder.Tests", "Tests\Extenso.Data.QueryBuilder.Tests\Extenso.Data.QueryBuilder.Tests.csproj", "{9AD80EA1-2482-41B9-BEEA-81499CDCBEAB}"
EndProject
Project("{9A19103F-16F7-4668-BE54-9A1E7A4F7556}") = "Extenso.AspNetCore.OData.Tests", "Tests\Extenso.AspNetCore.OData.Tests\Extenso.AspNetCore.OData.Tests.csproj", "{CA991584-46AA-4924-9572-7C5494476234}"
EndProject
Project("{9A19103F-16F7-4668-BE54-9A1E7A4F7556}") = "Extenso.AspNetCore.Mvc.Tests", "Tests\Extenso.AspNetCore.Mvc.Tests\Extenso.AspNetCore.Mvc.Tests.csproj", "{9D32BCE9-6BCF-47AD-A303-35DF3AF3AD35}"
EndProject
Project("{9A19103F-16F7-4668-BE54-9A1E7A4F7556}") = "Extenso.Windows.Forms", "Extenso.Windows.Forms\Extenso.Windows.Forms.csproj", "{C05D6AB0-00F1-4468-BE78-CEDCA251E730}"
EndProject
Project("{9A19103F-16F7-4668-BE54-9A1E7A4F7556}") = "Extenso.Data.OleDb", "Extenso.Data.OleDb\Extenso.Data.OleDb.csproj", "{59658045-4CA8-498F-BE12-0B412B11FC0E}"
EndProject
Project("{9A19103F-16F7-4668-BE54-9A1E7A4F7556}") = "Extenso.Data.OleDb.Tests", "Tests\Extenso.Data.OleDb.Tests\Extenso.Data.OleDb.Tests.csproj", "{242180EC-1A61-4E3B-AD80-E0F944F816FC}"
EndProject
Project("{FAE04EC0-301F-11D3-BF4B-00C04F79EFBC}") = "Extenso.Data.Entity.Abstractions", "Extenso.Data.Entity.Abstractions\Extenso.Data.Entity.Abstractions.csproj", "{EA3424A2-A447-482F-AA73-07E062425223}"
EndProject
Project("{FAE04EC0-301F-11D3-BF4B-00C04F79EFBC}") = "Extenso.Mapping", "Extenso.Mapping\Extenso.Mapping.csproj", "{D89714CB-C64B-4717-9B42-E6B2BAA942D0}"
EndProject
Project("{FAE04EC0-301F-11D3-BF4B-00C04F79EFBC}") = "Extenso.Mapping.Tests", "Tests\Extenso.Mapping.Tests\Extenso.Mapping.Tests.csproj", "{457B52BD-78BD-437A-9FEE-98523E12AE69}"
EndProject
Project("{FAE04EC0-301F-11D3-BF4B-00C04F79EFBC}") = "Extenso.Data.Entity.AutoMapper", "Extenso.Data.Entity.AutoMapper\Extenso.Data.Entity.AutoMapper.csproj", "{508B7740-20D8-418A-8DDC-29B349F2B099}"
EndProject
Project("{FAE04EC0-301F-11D3-BF4B-00C04F79EFBC}") = "Extenso.Data.Entity.AutoMapper.Tests", "Tests\Extenso.Data.Entity.AutoMapper.Tests\Extenso.Data.Entity.AutoMapper.Tests.csproj", "{D1DBD72C-F08F-46E4-8A5F-1B406A711CB0}"
EndProject
Project("{FAE04EC0-301F-11D3-BF4B-00C04F79EFBC}") = "Demo.AspNetCore.Mvc.ExtensoUI", "Demos\Demo.AspNetCore.Mvc.ExtensoUI\Demo.AspNetCore.Mvc.ExtensoUI.csproj", "{54557E64-60D8-434A-9264-CC1BCAE62259}"
EndProject
Project("{2150E333-8FDC-42A3-9474-1A3956D46DE8}") = "_Solution Items", "_Solution Items", "{8EC462FD-D22E-90A8-E5CE-7E832BA40C5D}"
	ProjectSection(SolutionItems) = preProject
		LICENSE.txt = LICENSE.txt
		README.md = README.md
	EndProjectSection
EndProject
Project("{FAE04EC0-301F-11D3-BF4B-00C04F79EFBC}") = "Extenso.WebAssets.KendoUI", "Extenso.WebAssets.KendoUI\Extenso.WebAssets.KendoUI.csproj", "{5D389509-FCA4-49E3-80BA-76784DAAF7E8}"
EndProject
Project("{FAE04EC0-301F-11D3-BF4B-00C04F79EFBC}") = "Extenso.Mapping.Abstractions", "Extenso.Mapping.Abstractions\Extenso.Mapping.Abstractions.csproj", "{06B9E0BA-AD6A-48F6-8AA6-445CDF0E82AB}"
EndProject
Project("{FAE04EC0-301F-11D3-BF4B-00C04F79EFBC}") = "Extenso.KendoGridBinder", "Extenso.KendoGridBinder\Extenso.KendoGridBinder.csproj", "{CAB26DDC-6003-47F1-A38D-0503A8D7B8CF}"
EndProject
Project("{FAE04EC0-301F-11D3-BF4B-00C04F79EFBC}") = "Extenso.KendoGridBinder.Tests", "Tests\Extenso.KendoGridBinder.Tests\Extenso.KendoGridBinder.Tests.csproj", "{B2215A01-2ACE-43AC-841F-0BD5F851AABD}"
EndProject
Global
	GlobalSection(SolutionConfigurationPlatforms) = preSolution
		Debug|Any CPU = Debug|Any CPU
		Release|Any CPU = Release|Any CPU
	EndGlobalSection
	GlobalSection(ProjectConfigurationPlatforms) = postSolution
		{51162094-170C-4014-ADA5-E5D41ACFD1FF}.Debug|Any CPU.ActiveCfg = Debug|Any CPU
		{51162094-170C-4014-ADA5-E5D41ACFD1FF}.Debug|Any CPU.Build.0 = Debug|Any CPU
		{51162094-170C-4014-ADA5-E5D41ACFD1FF}.Release|Any CPU.ActiveCfg = Release|Any CPU
		{51162094-170C-4014-ADA5-E5D41ACFD1FF}.Release|Any CPU.Build.0 = Release|Any CPU
		{592043BC-115B-4009-88DC-D2B208D723A7}.Debug|Any CPU.ActiveCfg = Debug|Any CPU
		{592043BC-115B-4009-88DC-D2B208D723A7}.Debug|Any CPU.Build.0 = Debug|Any CPU
		{592043BC-115B-4009-88DC-D2B208D723A7}.Release|Any CPU.ActiveCfg = Release|Any CPU
		{592043BC-115B-4009-88DC-D2B208D723A7}.Release|Any CPU.Build.0 = Release|Any CPU
		{028C42BC-D779-49A6-B330-BD923E6FADA6}.Debug|Any CPU.ActiveCfg = Debug|Any CPU
		{028C42BC-D779-49A6-B330-BD923E6FADA6}.Debug|Any CPU.Build.0 = Debug|Any CPU
		{028C42BC-D779-49A6-B330-BD923E6FADA6}.Release|Any CPU.ActiveCfg = Release|Any CPU
		{028C42BC-D779-49A6-B330-BD923E6FADA6}.Release|Any CPU.Build.0 = Release|Any CPU
		{CC89B051-50AE-4EE8-83A8-291DE3DA994F}.Debug|Any CPU.ActiveCfg = Debug|Any CPU
		{CC89B051-50AE-4EE8-83A8-291DE3DA994F}.Debug|Any CPU.Build.0 = Debug|Any CPU
		{CC89B051-50AE-4EE8-83A8-291DE3DA994F}.Release|Any CPU.ActiveCfg = Release|Any CPU
		{CC89B051-50AE-4EE8-83A8-291DE3DA994F}.Release|Any CPU.Build.0 = Release|Any CPU
		{5CB280BE-C53B-4619-88FB-280F5487A5B4}.Debug|Any CPU.ActiveCfg = Debug|Any CPU
		{5CB280BE-C53B-4619-88FB-280F5487A5B4}.Debug|Any CPU.Build.0 = Debug|Any CPU
		{5CB280BE-C53B-4619-88FB-280F5487A5B4}.Release|Any CPU.ActiveCfg = Release|Any CPU
		{5CB280BE-C53B-4619-88FB-280F5487A5B4}.Release|Any CPU.Build.0 = Release|Any CPU
		{AAB4105D-E2D1-4456-B129-DA6D6700E97D}.Debug|Any CPU.ActiveCfg = Debug|Any CPU
		{AAB4105D-E2D1-4456-B129-DA6D6700E97D}.Debug|Any CPU.Build.0 = Debug|Any CPU
		{AAB4105D-E2D1-4456-B129-DA6D6700E97D}.Release|Any CPU.ActiveCfg = Release|Any CPU
		{AAB4105D-E2D1-4456-B129-DA6D6700E97D}.Release|Any CPU.Build.0 = Release|Any CPU
		{18A3B0A7-123C-44D8-B1A8-A8AA1FFE4FA2}.Debug|Any CPU.ActiveCfg = Debug|Any CPU
		{18A3B0A7-123C-44D8-B1A8-A8AA1FFE4FA2}.Debug|Any CPU.Build.0 = Debug|Any CPU
		{18A3B0A7-123C-44D8-B1A8-A8AA1FFE4FA2}.Release|Any CPU.ActiveCfg = Release|Any CPU
		{18A3B0A7-123C-44D8-B1A8-A8AA1FFE4FA2}.Release|Any CPU.Build.0 = Release|Any CPU
		{D21B77CA-C04A-441C-BB55-DCE4D8AA4000}.Debug|Any CPU.ActiveCfg = Debug|Any CPU
		{D21B77CA-C04A-441C-BB55-DCE4D8AA4000}.Debug|Any CPU.Build.0 = Debug|Any CPU
		{D21B77CA-C04A-441C-BB55-DCE4D8AA4000}.Release|Any CPU.ActiveCfg = Release|Any CPU
		{D21B77CA-C04A-441C-BB55-DCE4D8AA4000}.Release|Any CPU.Build.0 = Release|Any CPU
		{C81D00C5-C88F-4ECD-A360-892745B876CB}.Debug|Any CPU.ActiveCfg = Debug|Any CPU
		{C81D00C5-C88F-4ECD-A360-892745B876CB}.Debug|Any CPU.Build.0 = Debug|Any CPU
		{C81D00C5-C88F-4ECD-A360-892745B876CB}.Release|Any CPU.ActiveCfg = Release|Any CPU
		{C81D00C5-C88F-4ECD-A360-892745B876CB}.Release|Any CPU.Build.0 = Release|Any CPU
		{556B123C-06A1-4B9D-8A4C-F15F21A20505}.Debug|Any CPU.ActiveCfg = Debug|Any CPU
		{556B123C-06A1-4B9D-8A4C-F15F21A20505}.Debug|Any CPU.Build.0 = Debug|Any CPU
		{556B123C-06A1-4B9D-8A4C-F15F21A20505}.Release|Any CPU.ActiveCfg = Release|Any CPU
		{556B123C-06A1-4B9D-8A4C-F15F21A20505}.Release|Any CPU.Build.0 = Release|Any CPU
		{698919F4-1891-4388-BD11-0ABE96067AE1}.Debug|Any CPU.ActiveCfg = Debug|Any CPU
		{698919F4-1891-4388-BD11-0ABE96067AE1}.Debug|Any CPU.Build.0 = Debug|Any CPU
		{698919F4-1891-4388-BD11-0ABE96067AE1}.Release|Any CPU.ActiveCfg = Release|Any CPU
		{698919F4-1891-4388-BD11-0ABE96067AE1}.Release|Any CPU.Build.0 = Release|Any CPU
		{A967F072-917E-4BBB-938D-F31C3156962B}.Debug|Any CPU.ActiveCfg = Debug|Any CPU
		{A967F072-917E-4BBB-938D-F31C3156962B}.Debug|Any CPU.Build.0 = Debug|Any CPU
		{A967F072-917E-4BBB-938D-F31C3156962B}.Release|Any CPU.ActiveCfg = Release|Any CPU
		{A967F072-917E-4BBB-938D-F31C3156962B}.Release|Any CPU.Build.0 = Release|Any CPU
		{75BBEB76-7BF8-4F5D-BC61-16D824C7B816}.Debug|Any CPU.ActiveCfg = Debug|Any CPU
		{75BBEB76-7BF8-4F5D-BC61-16D824C7B816}.Debug|Any CPU.Build.0 = Debug|Any CPU
		{75BBEB76-7BF8-4F5D-BC61-16D824C7B816}.Release|Any CPU.ActiveCfg = Release|Any CPU
		{75BBEB76-7BF8-4F5D-BC61-16D824C7B816}.Release|Any CPU.Build.0 = Release|Any CPU
		{DD8F7A5A-D60B-40F7-9F56-A7C022D66313}.Debug|Any CPU.ActiveCfg = Debug|Any CPU
		{DD8F7A5A-D60B-40F7-9F56-A7C022D66313}.Debug|Any CPU.Build.0 = Debug|Any CPU
		{DD8F7A5A-D60B-40F7-9F56-A7C022D66313}.Release|Any CPU.ActiveCfg = Release|Any CPU
		{DD8F7A5A-D60B-40F7-9F56-A7C022D66313}.Release|Any CPU.Build.0 = Release|Any CPU
		{0E894B50-02C6-4DF0-939F-0D2B790B7069}.Debug|Any CPU.ActiveCfg = Debug|Any CPU
		{0E894B50-02C6-4DF0-939F-0D2B790B7069}.Debug|Any CPU.Build.0 = Debug|Any CPU
		{0E894B50-02C6-4DF0-939F-0D2B790B7069}.Release|Any CPU.ActiveCfg = Release|Any CPU
		{0E894B50-02C6-4DF0-939F-0D2B790B7069}.Release|Any CPU.Build.0 = Release|Any CPU
		{EF1DBE01-00FB-4872-A167-88235E1EE740}.Debug|Any CPU.ActiveCfg = Debug|Any CPU
		{EF1DBE01-00FB-4872-A167-88235E1EE740}.Debug|Any CPU.Build.0 = Debug|Any CPU
		{EF1DBE01-00FB-4872-A167-88235E1EE740}.Release|Any CPU.ActiveCfg = Release|Any CPU
		{EF1DBE01-00FB-4872-A167-88235E1EE740}.Release|Any CPU.Build.0 = Release|Any CPU
		{4E499A5C-A8CB-4334-83AC-1FD71EB1E1A1}.Debug|Any CPU.ActiveCfg = Debug|Any CPU
		{4E499A5C-A8CB-4334-83AC-1FD71EB1E1A1}.Debug|Any CPU.Build.0 = Debug|Any CPU
		{4E499A5C-A8CB-4334-83AC-1FD71EB1E1A1}.Release|Any CPU.ActiveCfg = Release|Any CPU
		{4E499A5C-A8CB-4334-83AC-1FD71EB1E1A1}.Release|Any CPU.Build.0 = Release|Any CPU
		{D923E155-2C52-4690-800B-C7E53305AD9C}.Debug|Any CPU.ActiveCfg = Debug|Any CPU
		{D923E155-2C52-4690-800B-C7E53305AD9C}.Debug|Any CPU.Build.0 = Debug|Any CPU
		{D923E155-2C52-4690-800B-C7E53305AD9C}.Release|Any CPU.ActiveCfg = Release|Any CPU
		{D923E155-2C52-4690-800B-C7E53305AD9C}.Release|Any CPU.Build.0 = Release|Any CPU
		{A408BF84-8BB9-4E60-9118-99930508B7DF}.Debug|Any CPU.ActiveCfg = Debug|Any CPU
		{A408BF84-8BB9-4E60-9118-99930508B7DF}.Debug|Any CPU.Build.0 = Debug|Any CPU
		{A408BF84-8BB9-4E60-9118-99930508B7DF}.Release|Any CPU.ActiveCfg = Release|Any CPU
		{A408BF84-8BB9-4E60-9118-99930508B7DF}.Release|Any CPU.Build.0 = Release|Any CPU
		{44A64035-109B-48CC-A11D-25C75BF64C16}.Debug|Any CPU.ActiveCfg = Debug|Any CPU
		{44A64035-109B-48CC-A11D-25C75BF64C16}.Debug|Any CPU.Build.0 = Debug|Any CPU
		{44A64035-109B-48CC-A11D-25C75BF64C16}.Release|Any CPU.ActiveCfg = Release|Any CPU
		{44A64035-109B-48CC-A11D-25C75BF64C16}.Release|Any CPU.Build.0 = Release|Any CPU
		{5EC0AA10-3440-4D4C-AA9A-F6026FF9D194}.Debug|Any CPU.ActiveCfg = Debug|Any CPU
		{5EC0AA10-3440-4D4C-AA9A-F6026FF9D194}.Debug|Any CPU.Build.0 = Debug|Any CPU
		{5EC0AA10-3440-4D4C-AA9A-F6026FF9D194}.Release|Any CPU.ActiveCfg = Release|Any CPU
		{5EC0AA10-3440-4D4C-AA9A-F6026FF9D194}.Release|Any CPU.Build.0 = Release|Any CPU
		{DE671127-522A-4151-942E-4B14E437F6B1}.Debug|Any CPU.ActiveCfg = Debug|Any CPU
		{DE671127-522A-4151-942E-4B14E437F6B1}.Debug|Any CPU.Build.0 = Debug|Any CPU
		{DE671127-522A-4151-942E-4B14E437F6B1}.Release|Any CPU.ActiveCfg = Release|Any CPU
		{DE671127-522A-4151-942E-4B14E437F6B1}.Release|Any CPU.Build.0 = Release|Any CPU
		{7FD30D69-58E0-418C-8636-E42D96B2728D}.Debug|Any CPU.ActiveCfg = Debug|Any CPU
		{7FD30D69-58E0-418C-8636-E42D96B2728D}.Debug|Any CPU.Build.0 = Debug|Any CPU
		{7FD30D69-58E0-418C-8636-E42D96B2728D}.Release|Any CPU.ActiveCfg = Release|Any CPU
		{7FD30D69-58E0-418C-8636-E42D96B2728D}.Release|Any CPU.Build.0 = Release|Any CPU
		{F85154F4-B99F-433A-9376-BF1BC3EECC54}.Debug|Any CPU.ActiveCfg = Debug|Any CPU
		{F85154F4-B99F-433A-9376-BF1BC3EECC54}.Debug|Any CPU.Build.0 = Debug|Any CPU
		{F85154F4-B99F-433A-9376-BF1BC3EECC54}.Release|Any CPU.ActiveCfg = Release|Any CPU
		{F85154F4-B99F-433A-9376-BF1BC3EECC54}.Release|Any CPU.Build.0 = Release|Any CPU
		{982A0426-82AE-434A-8E86-A83D3DD3E1C6}.Debug|Any CPU.ActiveCfg = Debug|Any CPU
		{982A0426-82AE-434A-8E86-A83D3DD3E1C6}.Debug|Any CPU.Build.0 = Debug|Any CPU
		{982A0426-82AE-434A-8E86-A83D3DD3E1C6}.Release|Any CPU.ActiveCfg = Release|Any CPU
		{982A0426-82AE-434A-8E86-A83D3DD3E1C6}.Release|Any CPU.Build.0 = Release|Any CPU
		{9AD80EA1-2482-41B9-BEEA-81499CDCBEAB}.Debug|Any CPU.ActiveCfg = Debug|Any CPU
		{9AD80EA1-2482-41B9-BEEA-81499CDCBEAB}.Debug|Any CPU.Build.0 = Debug|Any CPU
		{9AD80EA1-2482-41B9-BEEA-81499CDCBEAB}.Release|Any CPU.ActiveCfg = Release|Any CPU
		{9AD80EA1-2482-41B9-BEEA-81499CDCBEAB}.Release|Any CPU.Build.0 = Release|Any CPU
		{CA991584-46AA-4924-9572-7C5494476234}.Debug|Any CPU.ActiveCfg = Debug|Any CPU
		{CA991584-46AA-4924-9572-7C5494476234}.Debug|Any CPU.Build.0 = Debug|Any CPU
		{CA991584-46AA-4924-9572-7C5494476234}.Release|Any CPU.ActiveCfg = Release|Any CPU
		{CA991584-46AA-4924-9572-7C5494476234}.Release|Any CPU.Build.0 = Release|Any CPU
		{9D32BCE9-6BCF-47AD-A303-35DF3AF3AD35}.Debug|Any CPU.ActiveCfg = Debug|Any CPU
		{9D32BCE9-6BCF-47AD-A303-35DF3AF3AD35}.Debug|Any CPU.Build.0 = Debug|Any CPU
		{9D32BCE9-6BCF-47AD-A303-35DF3AF3AD35}.Release|Any CPU.ActiveCfg = Release|Any CPU
		{9D32BCE9-6BCF-47AD-A303-35DF3AF3AD35}.Release|Any CPU.Build.0 = Release|Any CPU
		{C05D6AB0-00F1-4468-BE78-CEDCA251E730}.Debug|Any CPU.ActiveCfg = Debug|Any CPU
		{C05D6AB0-00F1-4468-BE78-CEDCA251E730}.Debug|Any CPU.Build.0 = Debug|Any CPU
		{C05D6AB0-00F1-4468-BE78-CEDCA251E730}.Release|Any CPU.ActiveCfg = Release|Any CPU
		{C05D6AB0-00F1-4468-BE78-CEDCA251E730}.Release|Any CPU.Build.0 = Release|Any CPU
		{59658045-4CA8-498F-BE12-0B412B11FC0E}.Debug|Any CPU.ActiveCfg = Debug|Any CPU
		{59658045-4CA8-498F-BE12-0B412B11FC0E}.Debug|Any CPU.Build.0 = Debug|Any CPU
		{59658045-4CA8-498F-BE12-0B412B11FC0E}.Release|Any CPU.ActiveCfg = Release|Any CPU
		{59658045-4CA8-498F-BE12-0B412B11FC0E}.Release|Any CPU.Build.0 = Release|Any CPU
		{242180EC-1A61-4E3B-AD80-E0F944F816FC}.Debug|Any CPU.ActiveCfg = Debug|Any CPU
		{242180EC-1A61-4E3B-AD80-E0F944F816FC}.Debug|Any CPU.Build.0 = Debug|Any CPU
		{242180EC-1A61-4E3B-AD80-E0F944F816FC}.Release|Any CPU.ActiveCfg = Release|Any CPU
		{242180EC-1A61-4E3B-AD80-E0F944F816FC}.Release|Any CPU.Build.0 = Release|Any CPU
		{EA3424A2-A447-482F-AA73-07E062425223}.Debug|Any CPU.ActiveCfg = Debug|Any CPU
		{EA3424A2-A447-482F-AA73-07E062425223}.Debug|Any CPU.Build.0 = Debug|Any CPU
		{EA3424A2-A447-482F-AA73-07E062425223}.Release|Any CPU.ActiveCfg = Release|Any CPU
		{EA3424A2-A447-482F-AA73-07E062425223}.Release|Any CPU.Build.0 = Release|Any CPU
		{D89714CB-C64B-4717-9B42-E6B2BAA942D0}.Debug|Any CPU.ActiveCfg = Debug|Any CPU
		{D89714CB-C64B-4717-9B42-E6B2BAA942D0}.Debug|Any CPU.Build.0 = Debug|Any CPU
		{D89714CB-C64B-4717-9B42-E6B2BAA942D0}.Release|Any CPU.ActiveCfg = Release|Any CPU
		{D89714CB-C64B-4717-9B42-E6B2BAA942D0}.Release|Any CPU.Build.0 = Release|Any CPU
		{457B52BD-78BD-437A-9FEE-98523E12AE69}.Debug|Any CPU.ActiveCfg = Debug|Any CPU
		{457B52BD-78BD-437A-9FEE-98523E12AE69}.Debug|Any CPU.Build.0 = Debug|Any CPU
		{457B52BD-78BD-437A-9FEE-98523E12AE69}.Release|Any CPU.ActiveCfg = Release|Any CPU
		{457B52BD-78BD-437A-9FEE-98523E12AE69}.Release|Any CPU.Build.0 = Release|Any CPU
		{508B7740-20D8-418A-8DDC-29B349F2B099}.Debug|Any CPU.ActiveCfg = Debug|Any CPU
		{508B7740-20D8-418A-8DDC-29B349F2B099}.Debug|Any CPU.Build.0 = Debug|Any CPU
		{508B7740-20D8-418A-8DDC-29B349F2B099}.Release|Any CPU.ActiveCfg = Release|Any CPU
		{508B7740-20D8-418A-8DDC-29B349F2B099}.Release|Any CPU.Build.0 = Release|Any CPU
		{D1DBD72C-F08F-46E4-8A5F-1B406A711CB0}.Debug|Any CPU.ActiveCfg = Debug|Any CPU
		{D1DBD72C-F08F-46E4-8A5F-1B406A711CB0}.Debug|Any CPU.Build.0 = Debug|Any CPU
		{D1DBD72C-F08F-46E4-8A5F-1B406A711CB0}.Release|Any CPU.ActiveCfg = Release|Any CPU
		{D1DBD72C-F08F-46E4-8A5F-1B406A711CB0}.Release|Any CPU.Build.0 = Release|Any CPU
		{54557E64-60D8-434A-9264-CC1BCAE62259}.Debug|Any CPU.ActiveCfg = Debug|Any CPU
		{54557E64-60D8-434A-9264-CC1BCAE62259}.Debug|Any CPU.Build.0 = Debug|Any CPU
		{54557E64-60D8-434A-9264-CC1BCAE62259}.Release|Any CPU.ActiveCfg = Release|Any CPU
		{54557E64-60D8-434A-9264-CC1BCAE62259}.Release|Any CPU.Build.0 = Release|Any CPU
		{5D389509-FCA4-49E3-80BA-76784DAAF7E8}.Debug|Any CPU.ActiveCfg = Debug|Any CPU
		{5D389509-FCA4-49E3-80BA-76784DAAF7E8}.Debug|Any CPU.Build.0 = Debug|Any CPU
		{5D389509-FCA4-49E3-80BA-76784DAAF7E8}.Release|Any CPU.ActiveCfg = Release|Any CPU
		{5D389509-FCA4-49E3-80BA-76784DAAF7E8}.Release|Any CPU.Build.0 = Release|Any CPU
		{06B9E0BA-AD6A-48F6-8AA6-445CDF0E82AB}.Debug|Any CPU.ActiveCfg = Debug|Any CPU
		{06B9E0BA-AD6A-48F6-8AA6-445CDF0E82AB}.Debug|Any CPU.Build.0 = Debug|Any CPU
		{06B9E0BA-AD6A-48F6-8AA6-445CDF0E82AB}.Release|Any CPU.ActiveCfg = Release|Any CPU
		{06B9E0BA-AD6A-48F6-8AA6-445CDF0E82AB}.Release|Any CPU.Build.0 = Release|Any CPU
		{CAB26DDC-6003-47F1-A38D-0503A8D7B8CF}.Debug|Any CPU.ActiveCfg = Debug|Any CPU
		{CAB26DDC-6003-47F1-A38D-0503A8D7B8CF}.Debug|Any CPU.Build.0 = Debug|Any CPU
		{CAB26DDC-6003-47F1-A38D-0503A8D7B8CF}.Release|Any CPU.ActiveCfg = Release|Any CPU
		{CAB26DDC-6003-47F1-A38D-0503A8D7B8CF}.Release|Any CPU.Build.0 = Release|Any CPU
		{B2215A01-2ACE-43AC-841F-0BD5F851AABD}.Debug|Any CPU.ActiveCfg = Debug|Any CPU
		{B2215A01-2ACE-43AC-841F-0BD5F851AABD}.Debug|Any CPU.Build.0 = Debug|Any CPU
		{B2215A01-2ACE-43AC-841F-0BD5F851AABD}.Release|Any CPU.ActiveCfg = Release|Any CPU
		{B2215A01-2ACE-43AC-841F-0BD5F851AABD}.Release|Any CPU.Build.0 = Release|Any CPU
	EndGlobalSection
	GlobalSection(SolutionProperties) = preSolution
		HideSolutionNode = FALSE
	EndGlobalSection
	GlobalSection(NestedProjects) = preSolution
		{75BBEB76-7BF8-4F5D-BC61-16D824C7B816} = {376F048F-9868-4FAF-A7C5-1F468DBBE3A0}
		{409B2AA0-96DC-4F56-8187-455594DB6591} = {4ABD18F5-B7DA-4590-9CB1-1200B6EBEB58}
		{376F048F-9868-4FAF-A7C5-1F468DBBE3A0} = {409B2AA0-96DC-4F56-8187-455594DB6591}
		{EF1DBE01-00FB-4872-A167-88235E1EE740} = {86C509D1-589D-44A0-8971-ED92B3FCA11B}
		{5CF10B41-54F9-44DF-9FA0-8A53205C791D} = {4ABD18F5-B7DA-4590-9CB1-1200B6EBEB58}
		{D923E155-2C52-4690-800B-C7E53305AD9C} = {4ABD18F5-B7DA-4590-9CB1-1200B6EBEB58}
		{A408BF84-8BB9-4E60-9118-99930508B7DF} = {376F048F-9868-4FAF-A7C5-1F468DBBE3A0}
		{44A64035-109B-48CC-A11D-25C75BF64C16} = {D4F84964-B7B4-4B1F-9E9B-35DEA0B7F2A8}
		{D4F84964-B7B4-4B1F-9E9B-35DEA0B7F2A8} = {409B2AA0-96DC-4F56-8187-455594DB6591}
		{5EC0AA10-3440-4D4C-AA9A-F6026FF9D194} = {5CF10B41-54F9-44DF-9FA0-8A53205C791D}
		{DE671127-522A-4151-942E-4B14E437F6B1} = {FB3D4311-3B8D-493A-86A1-E5C3F55C1125}
		{7FD30D69-58E0-418C-8636-E42D96B2728D} = {FB3D4311-3B8D-493A-86A1-E5C3F55C1125}
		{F85154F4-B99F-433A-9376-BF1BC3EECC54} = {FB3D4311-3B8D-493A-86A1-E5C3F55C1125}
		{982A0426-82AE-434A-8E86-A83D3DD3E1C6} = {FB3D4311-3B8D-493A-86A1-E5C3F55C1125}
		{9AD80EA1-2482-41B9-BEEA-81499CDCBEAB} = {FB3D4311-3B8D-493A-86A1-E5C3F55C1125}
		{CA991584-46AA-4924-9572-7C5494476234} = {FB3D4311-3B8D-493A-86A1-E5C3F55C1125}
		{9D32BCE9-6BCF-47AD-A303-35DF3AF3AD35} = {FB3D4311-3B8D-493A-86A1-E5C3F55C1125}
		{242180EC-1A61-4E3B-AD80-E0F944F816FC} = {FB3D4311-3B8D-493A-86A1-E5C3F55C1125}
		{457B52BD-78BD-437A-9FEE-98523E12AE69} = {FB3D4311-3B8D-493A-86A1-E5C3F55C1125}
		{D1DBD72C-F08F-46E4-8A5F-1B406A711CB0} = {FB3D4311-3B8D-493A-86A1-E5C3F55C1125}
		{54557E64-60D8-434A-9264-CC1BCAE62259} = {376F048F-9868-4FAF-A7C5-1F468DBBE3A0}
		{B2215A01-2ACE-43AC-841F-0BD5F851AABD} = {FB3D4311-3B8D-493A-86A1-E5C3F55C1125}
	EndGlobalSection
	GlobalSection(ExtensibilityGlobals) = postSolution
		SolutionGuid = {8BEF57B5-2234-4CCE-876C-951A94822B8C}
	EndGlobalSection
EndGlobal
