
Microsoft Visual Studio Solution File, Format Version 12.00
# Visual Studio 15
VisualStudioVersion = 15.0.27703.1
MinimumVisualStudioVersion = 10.0.40219.1
Project("{9A19103F-16F7-4668-BE54-9A1E7A4F7556}") = "Extenso.Core", "Extenso.Core\Extenso.Core.csproj", "{51162094-170C-4014-ADA5-E5D41ACFD1FF}"
EndProject
Project("{9A19103F-16F7-4668-BE54-9A1E7A4F7556}") = "Extenso.Data", "Extenso.Data\Extenso.Data.csproj", "{592043BC-115B-4009-88DC-D2B208D723A7}"
EndProject
Project("{9A19103F-16F7-4668-BE54-9A1E7A4F7556}") = "Extenso.AspNetCore.OData", "Extenso.AspNetCore.OData\Extenso.AspNetCore.OData.csproj", "{028C42BC-D779-49A6-B330-BD923E6FADA6}"
EndProject
Project("{9A19103F-16F7-4668-BE54-9A1E7A4F7556}") = "Demo", "Demo\Demo.csproj", "{1D29D910-1DEA-47A1-92EC-E35CC2998695}"
EndProject
Global
	GlobalSection(SolutionConfigurationPlatforms) = preSolution
		Debug|Any CPU = Debug|Any CPU
		Release|Any CPU = Release|Any CPU
	EndGlobalSection
	GlobalSection(ProjectConfigurationPlatforms) = postSolution
		{51162094-170C-4014-ADA5-E5D41ACFD1FF}.Debug|Any CPU.ActiveCfg = Debug|Any CPU
		{51162094-170C-4014-ADA5-E5D41ACFD1FF}.Debug|Any CPU.Build.0 = Debug|Any CPU
		{51162094-170C-4014-ADA5-E5D41ACFD1FF}.Release|Any CPU.ActiveCfg = Release|Any CPU
		{51162094-170C-4014-ADA5-E5D41ACFD1FF}.Release|Any CPU.Build.0 = Release|Any CPU
		{592043BC-115B-4009-88DC-D2B208D723A7}.Debug|Any CPU.ActiveCfg = Debug|Any CPU
		{592043BC-115B-4009-88DC-D2B208D723A7}.Debug|Any CPU.Build.0 = Debug|Any CPU
		{592043BC-115B-4009-88DC-D2B208D723A7}.Release|Any CPU.ActiveCfg = Release|Any CPU
		{592043BC-115B-4009-88DC-D2B208D723A7}.Release|Any CPU.Build.0 = Release|Any CPU
		{028C42BC-D779-49A6-B330-BD923E6FADA6}.Debug|Any CPU.ActiveCfg = Debug|Any CPU
		{028C42BC-D779-49A6-B330-BD923E6FADA6}.Debug|Any CPU.Build.0 = Debug|Any CPU
		{028C42BC-D779-49A6-B330-BD923E6FADA6}.Release|Any CPU.ActiveCfg = Release|Any CPU
		{028C42BC-D779-49A6-B330-BD923E6FADA6}.Release|Any CPU.Build.0 = Release|Any CPU
		{1D29D910-1DEA-47A1-92EC-E35CC2998695}.Debug|Any CPU.ActiveCfg = Debug|Any CPU
		{1D29D910-1DEA-47A1-92EC-E35CC2998695}.Debug|Any CPU.Build.0 = Debug|Any CPU
		{1D29D910-1DEA-47A1-92EC-E35CC2998695}.Release|Any CPU.ActiveCfg = Release|Any CPU
		{1D29D910-1DEA-47A1-92EC-E35CC2998695}.Release|Any CPU.Build.0 = Release|Any CPU
	EndGlobalSection
	GlobalSection(SolutionProperties) = preSolution
		HideSolutionNode = FALSE
	EndGlobalSection
	GlobalSection(ExtensibilityGlobals) = postSolution
		SolutionGuid = {8BEF57B5-2234-4CCE-876C-951A94822B8C}
	EndGlobalSection
EndGlobal
